
Microsoft Visual Studio Solution File, Format Version 12.00
# Visual Studio Version 17
VisualStudioVersion = 17.4.33205.214
MinimumVisualStudioVersion = 10.0.40219.1
Project("{FAE04EC0-301F-11D3-BF4B-00C04F79EFBC}") = "SalaryManage", "SalaryManage\SalaryManage.csproj", "{D507CE68-EDC6-4AA0-8D4B-D0E0576662C7}"
EndProject
Project("{FAE04EC0-301F-11D3-BF4B-00C04F79EFBC}") = "SalaryManagement.DAL", "SalaryManagement.DAL\SalaryManagement.DAL.csproj", "{CF6A3332-09F5-471F-8DA4-0F6F339CC6B7}"
EndProject
Project("{FAE04EC0-301F-11D3-BF4B-00C04F79EFBC}") = "SalaryManagement.Domain", "SalaryManagement.Domain\SalaryManagement.Domain.csproj", "{AE29EE4B-0513-40FF-ABD1-20CA9B723DEA}"
EndProject
Project("{FAE04EC0-301F-11D3-BF4B-00C04F79EFBC}") = "SalaryManagement.Infrastructure", "SalaryManagement.Services\SalaryManagement.Infrastructure.csproj", "{98F91A29-9D30-4350-8A06-2CC483C186A1}"
EndProject
Project("{FAE04EC0-301F-11D3-BF4B-00C04F79EFBC}") = "SalaryManagement.Utilities", "SalaryManagement.Utilities\SalaryManagement.Utilities.csproj", "{7B81AA25-713C-43E1-9E91-8C48B1803642}"
EndProject
Global
	GlobalSection(SolutionConfigurationPlatforms) = preSolution
		Debug|Any CPU = Debug|Any CPU
		Release|Any CPU = Release|Any CPU
	EndGlobalSection
	GlobalSection(ProjectConfigurationPlatforms) = postSolution
		{D507CE68-EDC6-4AA0-8D4B-D0E0576662C7}.Debug|Any CPU.ActiveCfg = Debug|Any CPU
		{D507CE68-EDC6-4AA0-8D4B-D0E0576662C7}.Debug|Any CPU.Build.0 = Debug|Any CPU
		{D507CE68-EDC6-4AA0-8D4B-D0E0576662C7}.Release|Any CPU.ActiveCfg = Release|Any CPU
		{D507CE68-EDC6-4AA0-8D4B-D0E0576662C7}.Release|Any CPU.Build.0 = Release|Any CPU
		{CF6A3332-09F5-471F-8DA4-0F6F339CC6B7}.Debug|Any CPU.ActiveCfg = Debug|Any CPU
		{CF6A3332-09F5-471F-8DA4-0F6F339CC6B7}.Debug|Any CPU.Build.0 = Debug|Any CPU
		{CF6A3332-09F5-471F-8DA4-0F6F339CC6B7}.Release|Any CPU.ActiveCfg = Release|Any CPU
		{CF6A3332-09F5-471F-8DA4-0F6F339CC6B7}.Release|Any CPU.Build.0 = Release|Any CPU
		{AE29EE4B-0513-40FF-ABD1-20CA9B723DEA}.Debug|Any CPU.ActiveCfg = Debug|Any CPU
		{AE29EE4B-0513-40FF-ABD1-20CA9B723DEA}.Debug|Any CPU.Build.0 = Debug|Any CPU
		{AE29EE4B-0513-40FF-ABD1-20CA9B723DEA}.Release|Any CPU.ActiveCfg = Release|Any CPU
		{AE29EE4B-0513-40FF-ABD1-20CA9B723DEA}.Release|Any CPU.Build.0 = Release|Any CPU
		{98F91A29-9D30-4350-8A06-2CC483C186A1}.Debug|Any CPU.ActiveCfg = Debug|Any CPU
		{98F91A29-9D30-4350-8A06-2CC483C186A1}.Debug|Any CPU.Build.0 = Debug|Any CPU
		{98F91A29-9D30-4350-8A06-2CC483C186A1}.Release|Any CPU.ActiveCfg = Release|Any CPU
		{98F91A29-9D30-4350-8A06-2CC483C186A1}.Release|Any CPU.Build.0 = Release|Any CPU
		{7B81AA25-713C-43E1-9E91-8C48B1803642}.Debug|Any CPU.ActiveCfg = Debug|Any CPU
		{7B81AA25-713C-43E1-9E91-8C48B1803642}.Debug|Any CPU.Build.0 = Debug|Any CPU
		{7B81AA25-713C-43E1-9E91-8C48B1803642}.Release|Any CPU.ActiveCfg = Release|Any CPU
		{7B81AA25-713C-43E1-9E91-8C48B1803642}.Release|Any CPU.Build.0 = Release|Any CPU
	EndGlobalSection
	GlobalSection(SolutionProperties) = preSolution
		HideSolutionNode = FALSE
	EndGlobalSection
	GlobalSection(ExtensibilityGlobals) = postSolution
		SolutionGuid = {28998E0D-8C22-422D-8F5C-A3B1F3FC2D2B}
	EndGlobalSection
EndGlobal
